// !$*UTF8*$!
{
	archiveVersion = 1;
	classes = {
	};
	objectVersion = 50;
	objects = {

/* Begin PBXBuildFile section */
		BE2FC3902222064F00BD5F1C /* EcoDatumCommon.framework in Frameworks */ = {isa = PBXBuildFile; fileRef = BE2FC38F2222064F00BD5F1C /* EcoDatumCommon.framework */; };
		BE2FC3942222097400BD5F1C /* EcoDatumCommon.framework in Frameworks */ = {isa = PBXBuildFile; fileRef = BE2FC38F2222064F00BD5F1C /* EcoDatumCommon.framework */; };
		BE2FC39622220CCA00BD5F1C /* EcoDatumCommon.framework in CopyFiles */ = {isa = PBXBuildFile; fileRef = BE2FC38F2222064F00BD5F1C /* EcoDatumCommon.framework */; settings = {ATTRIBUTES = (CodeSignOnCopy, RemoveHeadersOnCopy, ); }; };
		BE2FC39C22221E9600BD5F1C /* photo1.jpg in Resources */ = {isa = PBXBuildFile; fileRef = BE2FC39B22221E9600BD5F1C /* photo1.jpg */; };
		BE2FC39E2222540B00BD5F1C /* photo2.jpg in Resources */ = {isa = PBXBuildFile; fileRef = BE2FC39D2222540B00BD5F1C /* photo2.jpg */; };
		BE2FC3A02222596000BD5F1C /* EcoDataBioticPhoto.json in Resources */ = {isa = PBXBuildFile; fileRef = BE2FC39F2222596000BD5F1C /* EcoDataBioticPhoto.json */; };
		BEF255B82220F4A1007134AA /* EcoDatumModel.framework in Frameworks */ = {isa = PBXBuildFile; fileRef = BEF255AE2220F4A0007134AA /* EcoDatumModel.framework */; };
		BEF255BD2220F4A1007134AA /* SiteTests.swift in Sources */ = {isa = PBXBuildFile; fileRef = BEF255BC2220F4A1007134AA /* SiteTests.swift */; };
		BEF255BF2220F4A1007134AA /* EcoDatumModel.h in Headers */ = {isa = PBXBuildFile; fileRef = BEF255B12220F4A0007134AA /* EcoDatumModel.h */; settings = {ATTRIBUTES = (Public, ); }; };
		BEF255C92220F4B4007134AA /* Site.swift in Sources */ = {isa = PBXBuildFile; fileRef = BEF255C82220F4B4007134AA /* Site.swift */; };
		BEF6C6032221D25600EDF4E8 /* EcoData.swift in Sources */ = {isa = PBXBuildFile; fileRef = BEF6C6022221D25600EDF4E8 /* EcoData.swift */; };
		BEF6C60D2221D77B00EDF4E8 /* EcoDataTests.swift in Sources */ = {isa = PBXBuildFile; fileRef = BEF6C60C2221D77B00EDF4E8 /* EcoDataTests.swift */; };
/* End PBXBuildFile section */

/* Begin PBXContainerItemProxy section */
		BEF255B92220F4A1007134AA /* PBXContainerItemProxy */ = {
			isa = PBXContainerItemProxy;
			containerPortal = BEF255A52220F4A0007134AA /* Project object */;
			proxyType = 1;
			remoteGlobalIDString = BEF255AD2220F4A0007134AA;
			remoteInfo = EcoDatumModel;
		};
/* End PBXContainerItemProxy section */

/* Begin PBXCopyFilesBuildPhase section */
		BE2FC39522220C9600BD5F1C /* CopyFiles */ = {
			isa = PBXCopyFilesBuildPhase;
			buildActionMask = 2147483647;
			dstPath = "";
			dstSubfolderSpec = 10;
			files = (
				BE2FC39622220CCA00BD5F1C /* EcoDatumCommon.framework in CopyFiles */,
			);
			runOnlyForDeploymentPostprocessing = 0;
		};
/* End PBXCopyFilesBuildPhase section */

/* Begin PBXFileReference section */
		BE2FC38F2222064F00BD5F1C /* EcoDatumCommon.framework */ = {isa = PBXFileReference; lastKnownFileType = wrapper.framework; name = EcoDatumCommon.framework; path = Carthage/Build/iOS/EcoDatumCommon.framework; sourceTree = "<group>"; };
		BE2FC39B22221E9600BD5F1C /* photo1.jpg */ = {isa = PBXFileReference; lastKnownFileType = image.jpeg; path = photo1.jpg; sourceTree = "<group>"; };
		BE2FC39D2222540B00BD5F1C /* photo2.jpg */ = {isa = PBXFileReference; lastKnownFileType = image.jpeg; path = photo2.jpg; sourceTree = "<group>"; };
		BE2FC39F2222596000BD5F1C /* EcoDataBioticPhoto.json */ = {isa = PBXFileReference; fileEncoding = 4; lastKnownFileType = text.json; path = EcoDataBioticPhoto.json; sourceTree = "<group>"; };
		BEF255AE2220F4A0007134AA /* EcoDatumModel.framework */ = {isa = PBXFileReference; explicitFileType = wrapper.framework; includeInIndex = 0; path = EcoDatumModel.framework; sourceTree = BUILT_PRODUCTS_DIR; };
		BEF255B12220F4A0007134AA /* EcoDatumModel.h */ = {isa = PBXFileReference; lastKnownFileType = sourcecode.c.h; path = EcoDatumModel.h; sourceTree = "<group>"; };
		BEF255B22220F4A0007134AA /* Info.plist */ = {isa = PBXFileReference; lastKnownFileType = text.plist.xml; path = Info.plist; sourceTree = "<group>"; };
		BEF255B72220F4A1007134AA /* EcoDatumModelTests.xctest */ = {isa = PBXFileReference; explicitFileType = wrapper.cfbundle; includeInIndex = 0; path = EcoDatumModelTests.xctest; sourceTree = BUILT_PRODUCTS_DIR; };
		BEF255BC2220F4A1007134AA /* SiteTests.swift */ = {isa = PBXFileReference; lastKnownFileType = sourcecode.swift; path = SiteTests.swift; sourceTree = "<group>"; };
		BEF255BE2220F4A1007134AA /* Info.plist */ = {isa = PBXFileReference; lastKnownFileType = text.plist.xml; path = Info.plist; sourceTree = "<group>"; };
		BEF255C82220F4B4007134AA /* Site.swift */ = {isa = PBXFileReference; lastKnownFileType = sourcecode.swift; path = Site.swift; sourceTree = "<group>"; };
		BEF6C6022221D25600EDF4E8 /* EcoData.swift */ = {isa = PBXFileReference; lastKnownFileType = sourcecode.swift; path = EcoData.swift; sourceTree = "<group>"; };
		BEF6C60C2221D77B00EDF4E8 /* EcoDataTests.swift */ = {isa = PBXFileReference; lastKnownFileType = sourcecode.swift; path = EcoDataTests.swift; sourceTree = "<group>"; };
/* End PBXFileReference section */

/* Begin PBXFrameworksBuildPhase section */
		BEF255AB2220F4A0007134AA /* Frameworks */ = {
			isa = PBXFrameworksBuildPhase;
			buildActionMask = 2147483647;
			files = (
				BE2FC3902222064F00BD5F1C /* EcoDatumCommon.framework in Frameworks */,
			);
			runOnlyForDeploymentPostprocessing = 0;
		};
		BEF255B42220F4A1007134AA /* Frameworks */ = {
			isa = PBXFrameworksBuildPhase;
			buildActionMask = 2147483647;
			files = (
				BE2FC3942222097400BD5F1C /* EcoDatumCommon.framework in Frameworks */,
				BEF255B82220F4A1007134AA /* EcoDatumModel.framework in Frameworks */,
			);
			runOnlyForDeploymentPostprocessing = 0;
		};
/* End PBXFrameworksBuildPhase section */

/* Begin PBXGroup section */
		BE2FC38E2222064E00BD5F1C /* Frameworks */ = {
			isa = PBXGroup;
			children = (
				BE2FC38F2222064F00BD5F1C /* EcoDatumCommon.framework */,
			);
			name = Frameworks;
			sourceTree = "<group>";
		};
		BEF255A42220F4A0007134AA = {
			isa = PBXGroup;
			children = (
				BEF255B02220F4A0007134AA /* EcoDatumModel */,
				BEF255BB2220F4A1007134AA /* EcoDatumModelTests */,
				BEF255AF2220F4A0007134AA /* Products */,
				BE2FC38E2222064E00BD5F1C /* Frameworks */,
			);
			sourceTree = "<group>";
		};
		BEF255AF2220F4A0007134AA /* Products */ = {
			isa = PBXGroup;
			children = (
				BEF255AE2220F4A0007134AA /* EcoDatumModel.framework */,
				BEF255B72220F4A1007134AA /* EcoDatumModelTests.xctest */,
			);
			name = Products;
			sourceTree = "<group>";
		};
		BEF255B02220F4A0007134AA /* EcoDatumModel */ = {
			isa = PBXGroup;
			children = (
				BEF255B12220F4A0007134AA /* EcoDatumModel.h */,
				BEF6C6022221D25600EDF4E8 /* EcoData.swift */,
				BEF255B22220F4A0007134AA /* Info.plist */,
				BEF255C82220F4B4007134AA /* Site.swift */,
			);
			path = EcoDatumModel;
			sourceTree = "<group>";
		};
		BEF255BB2220F4A1007134AA /* EcoDatumModelTests */ = {
			isa = PBXGroup;
			children = (
				BE2FC39F2222596000BD5F1C /* EcoDataBioticPhoto.json */,
				BE2FC39D2222540B00BD5F1C /* photo2.jpg */,
				BE2FC39B22221E9600BD5F1C /* photo1.jpg */,
				BEF255BC2220F4A1007134AA /* SiteTests.swift */,
				BEF255BE2220F4A1007134AA /* Info.plist */,
				BEF6C60C2221D77B00EDF4E8 /* EcoDataTests.swift */,
			);
			path = EcoDatumModelTests;
			sourceTree = "<group>";
		};
/* End PBXGroup section */

/* Begin PBXHeadersBuildPhase section */
		BEF255A92220F4A0007134AA /* Headers */ = {
			isa = PBXHeadersBuildPhase;
			buildActionMask = 2147483647;
			files = (
				BEF255BF2220F4A1007134AA /* EcoDatumModel.h in Headers */,
			);
			runOnlyForDeploymentPostprocessing = 0;
		};
/* End PBXHeadersBuildPhase section */

/* Begin PBXNativeTarget section */
		BEF255AD2220F4A0007134AA /* EcoDatumModel */ = {
			isa = PBXNativeTarget;
			buildConfigurationList = BEF255C22220F4A1007134AA /* Build configuration list for PBXNativeTarget "EcoDatumModel" */;
			buildPhases = (
				BEF255A92220F4A0007134AA /* Headers */,
				BEF255AA2220F4A0007134AA /* Sources */,
				BEF255AB2220F4A0007134AA /* Frameworks */,
				BEF255AC2220F4A0007134AA /* Resources */,
				BE2FC3932222085800BD5F1C /* Carthage Outdated Dependencies */,
				BE2FC392222207A700BD5F1C /* Carthage Framework Copy */,
			);
			buildRules = (
			);
			dependencies = (
			);
			name = EcoDatumModel;
			productName = EcoDatumModel;
			productReference = BEF255AE2220F4A0007134AA /* EcoDatumModel.framework */;
			productType = "com.apple.product-type.framework";
		};
		BEF255B62220F4A1007134AA /* EcoDatumModelTests */ = {
			isa = PBXNativeTarget;
			buildConfigurationList = BEF255C52220F4A1007134AA /* Build configuration list for PBXNativeTarget "EcoDatumModelTests" */;
			buildPhases = (
				BEF255B32220F4A1007134AA /* Sources */,
				BEF255B42220F4A1007134AA /* Frameworks */,
				BEF255B52220F4A1007134AA /* Resources */,
				BE2FC39522220C9600BD5F1C /* CopyFiles */,
			);
			buildRules = (
			);
			dependencies = (
				BEF255BA2220F4A1007134AA /* PBXTargetDependency */,
			);
			name = EcoDatumModelTests;
			productName = EcoDatumModelTests;
			productReference = BEF255B72220F4A1007134AA /* EcoDatumModelTests.xctest */;
			productType = "com.apple.product-type.bundle.unit-test";
		};
/* End PBXNativeTarget section */

/* Begin PBXProject section */
		BEF255A52220F4A0007134AA /* Project object */ = {
			isa = PBXProject;
			attributes = {
				LastSwiftUpdateCheck = 1010;
				LastUpgradeCheck = 1010;
				ORGANIZATIONNAME = "Kenneth Wingerden";
				TargetAttributes = {
					BEF255AD2220F4A0007134AA = {
						CreatedOnToolsVersion = 10.1;
						LastSwiftMigration = 1010;
					};
					BEF255B62220F4A1007134AA = {
						CreatedOnToolsVersion = 10.1;
					};
				};
			};
			buildConfigurationList = BEF255A82220F4A0007134AA /* Build configuration list for PBXProject "EcoDatumModel" */;
			compatibilityVersion = "Xcode 9.3";
			developmentRegion = en;
			hasScannedForEncodings = 0;
			knownRegions = (
				en,
			);
			mainGroup = BEF255A42220F4A0007134AA;
			productRefGroup = BEF255AF2220F4A0007134AA /* Products */;
			projectDirPath = "";
			projectRoot = "";
			targets = (
				BEF255AD2220F4A0007134AA /* EcoDatumModel */,
				BEF255B62220F4A1007134AA /* EcoDatumModelTests */,
			);
		};
/* End PBXProject section */

/* Begin PBXResourcesBuildPhase section */
		BEF255AC2220F4A0007134AA /* Resources */ = {
			isa = PBXResourcesBuildPhase;
			buildActionMask = 2147483647;
			files = (
			);
			runOnlyForDeploymentPostprocessing = 0;
		};
		BEF255B52220F4A1007134AA /* Resources */ = {
			isa = PBXResourcesBuildPhase;
			buildActionMask = 2147483647;
			files = (
				BE2FC39E2222540B00BD5F1C /* photo2.jpg in Resources */,
				BE2FC3A02222596000BD5F1C /* EcoDataBioticPhoto.json in Resources */,
				BE2FC39C22221E9600BD5F1C /* photo1.jpg in Resources */,
			);
			runOnlyForDeploymentPostprocessing = 0;
		};
/* End PBXResourcesBuildPhase section */

/* Begin PBXShellScriptBuildPhase section */
		BE2FC392222207A700BD5F1C /* Carthage Framework Copy */ = {
			isa = PBXShellScriptBuildPhase;
			buildActionMask = 2147483647;
			files = (
			);
			inputFileListPaths = (
			);
			inputPaths = (
				"$(SRCROOT)/Carthage/Build/iOS/EcoDatumCommon.framework",
			);
			name = "Carthage Framework Copy";
			outputFileListPaths = (
			);
			outputPaths = (
				"$(BUILT_PRODUCTS_DIR)/$(FRAMEWORKS_FOLDER_PATH)/EcoDatumCommon.framework",
			);
			runOnlyForDeploymentPostprocessing = 0;
			shellPath = /bin/sh;
			shellScript = "/usr/local/bin/carthage copy-frameworks\n";
		};
		BE2FC3932222085800BD5F1C /* Carthage Outdated Dependencies */ = {
			isa = PBXShellScriptBuildPhase;
			buildActionMask = 2147483647;
			files = (
			);
			inputFileListPaths = (
			);
			inputPaths = (
			);
			name = "Carthage Outdated Dependencies";
			outputFileListPaths = (
			);
			outputPaths = (
			);
			runOnlyForDeploymentPostprocessing = 0;
			shellPath = /bin/sh;
			shellScript = "/usr/local/bin/carthage outdated --xcode-warnings\n";
		};
/* End PBXShellScriptBuildPhase section */

/* Begin PBXSourcesBuildPhase section */
		BEF255AA2220F4A0007134AA /* Sources */ = {
			isa = PBXSourcesBuildPhase;
			buildActionMask = 2147483647;
			files = (
				BEF255C92220F4B4007134AA /* Site.swift in Sources */,
				BEF6C6032221D25600EDF4E8 /* EcoData.swift in Sources */,
			);
			runOnlyForDeploymentPostprocessing = 0;
		};
		BEF255B32220F4A1007134AA /* Sources */ = {
			isa = PBXSourcesBuildPhase;
			buildActionMask = 2147483647;
			files = (
				BEF6C60D2221D77B00EDF4E8 /* EcoDataTests.swift in Sources */,
				BEF255BD2220F4A1007134AA /* SiteTests.swift in Sources */,
			);
			runOnlyForDeploymentPostprocessing = 0;
		};
/* End PBXSourcesBuildPhase section */

/* Begin PBXTargetDependency section */
		BEF255BA2220F4A1007134AA /* PBXTargetDependency */ = {
			isa = PBXTargetDependency;
			target = BEF255AD2220F4A0007134AA /* EcoDatumModel */;
			targetProxy = BEF255B92220F4A1007134AA /* PBXContainerItemProxy */;
		};
/* End PBXTargetDependency section */

/* Begin XCBuildConfiguration section */
		BEF255C02220F4A1007134AA /* Debug */ = {
			isa = XCBuildConfiguration;
			buildSettings = {
				ALWAYS_SEARCH_USER_PATHS = NO;
				CLANG_ANALYZER_NONNULL = YES;
				CLANG_ANALYZER_NUMBER_OBJECT_CONVERSION = YES_AGGRESSIVE;
				CLANG_CXX_LANGUAGE_STANDARD = "gnu++14";
				CLANG_CXX_LIBRARY = "libc++";
				CLANG_ENABLE_MODULES = YES;
				CLANG_ENABLE_OBJC_ARC = YES;
				CLANG_ENABLE_OBJC_WEAK = YES;
				CLANG_WARN_BLOCK_CAPTURE_AUTORELEASING = YES;
				CLANG_WARN_BOOL_CONVERSION = YES;
				CLANG_WARN_COMMA = YES;
				CLANG_WARN_CONSTANT_CONVERSION = YES;
				CLANG_WARN_DEPRECATED_OBJC_IMPLEMENTATIONS = YES;
				CLANG_WARN_DIRECT_OBJC_ISA_USAGE = YES_ERROR;
				CLANG_WARN_DOCUMENTATION_COMMENTS = YES;
				CLANG_WARN_EMPTY_BODY = YES;
				CLANG_WARN_ENUM_CONVERSION = YES;
				CLANG_WARN_INFINITE_RECURSION = YES;
				CLANG_WARN_INT_CONVERSION = YES;
				CLANG_WARN_NON_LITERAL_NULL_CONVERSION = YES;
				CLANG_WARN_OBJC_IMPLICIT_RETAIN_SELF = YES;
				CLANG_WARN_OBJC_LITERAL_CONVERSION = YES;
				CLANG_WARN_OBJC_ROOT_CLASS = YES_ERROR;
				CLANG_WARN_RANGE_LOOP_ANALYSIS = YES;
				CLANG_WARN_STRICT_PROTOTYPES = YES;
				CLANG_WARN_SUSPICIOUS_MOVE = YES;
				CLANG_WARN_UNGUARDED_AVAILABILITY = YES_AGGRESSIVE;
				CLANG_WARN_UNREACHABLE_CODE = YES;
				CLANG_WARN__DUPLICATE_METHOD_MATCH = YES;
				CODE_SIGN_IDENTITY = "iPhone Developer";
				COPY_PHASE_STRIP = NO;
				CURRENT_PROJECT_VERSION = 1;
				DEBUG_INFORMATION_FORMAT = dwarf;
				ENABLE_STRICT_OBJC_MSGSEND = YES;
				ENABLE_TESTABILITY = YES;
				GCC_C_LANGUAGE_STANDARD = gnu11;
				GCC_DYNAMIC_NO_PIC = NO;
				GCC_NO_COMMON_BLOCKS = YES;
				GCC_OPTIMIZATION_LEVEL = 0;
				GCC_PREPROCESSOR_DEFINITIONS = (
					"DEBUG=1",
					"$(inherited)",
				);
				GCC_WARN_64_TO_32_BIT_CONVERSION = YES;
				GCC_WARN_ABOUT_RETURN_TYPE = YES_ERROR;
				GCC_WARN_UNDECLARED_SELECTOR = YES;
				GCC_WARN_UNINITIALIZED_AUTOS = YES_AGGRESSIVE;
				GCC_WARN_UNUSED_FUNCTION = YES;
				GCC_WARN_UNUSED_VARIABLE = YES;
				IPHONEOS_DEPLOYMENT_TARGET = 12.1;
				MTL_ENABLE_DEBUG_INFO = INCLUDE_SOURCE;
				MTL_FAST_MATH = YES;
				ONLY_ACTIVE_ARCH = YES;
				SDKROOT = iphoneos;
				SWIFT_ACTIVE_COMPILATION_CONDITIONS = DEBUG;
				SWIFT_OPTIMIZATION_LEVEL = "-Onone";
				VERSIONING_SYSTEM = "apple-generic";
				VERSION_INFO_PREFIX = "";
			};
			name = Debug;
		};
		BEF255C12220F4A1007134AA /* Release */ = {
			isa = XCBuildConfiguration;
			buildSettings = {
				ALWAYS_SEARCH_USER_PATHS = NO;
				CLANG_ANALYZER_NONNULL = YES;
				CLANG_ANALYZER_NUMBER_OBJECT_CONVERSION = YES_AGGRESSIVE;
				CLANG_CXX_LANGUAGE_STANDARD = "gnu++14";
				CLANG_CXX_LIBRARY = "libc++";
				CLANG_ENABLE_MODULES = YES;
				CLANG_ENABLE_OBJC_ARC = YES;
				CLANG_ENABLE_OBJC_WEAK = YES;
				CLANG_WARN_BLOCK_CAPTURE_AUTORELEASING = YES;
				CLANG_WARN_BOOL_CONVERSION = YES;
				CLANG_WARN_COMMA = YES;
				CLANG_WARN_CONSTANT_CONVERSION = YES;
				CLANG_WARN_DEPRECATED_OBJC_IMPLEMENTATIONS = YES;
				CLANG_WARN_DIRECT_OBJC_ISA_USAGE = YES_ERROR;
				CLANG_WARN_DOCUMENTATION_COMMENTS = YES;
				CLANG_WARN_EMPTY_BODY = YES;
				CLANG_WARN_ENUM_CONVERSION = YES;
				CLANG_WARN_INFINITE_RECURSION = YES;
				CLANG_WARN_INT_CONVERSION = YES;
				CLANG_WARN_NON_LITERAL_NULL_CONVERSION = YES;
				CLANG_WARN_OBJC_IMPLICIT_RETAIN_SELF = YES;
				CLANG_WARN_OBJC_LITERAL_CONVERSION = YES;
				CLANG_WARN_OBJC_ROOT_CLASS = YES_ERROR;
				CLANG_WARN_RANGE_LOOP_ANALYSIS = YES;
				CLANG_WARN_STRICT_PROTOTYPES = YES;
				CLANG_WARN_SUSPICIOUS_MOVE = YES;
				CLANG_WARN_UNGUARDED_AVAILABILITY = YES_AGGRESSIVE;
				CLANG_WARN_UNREACHABLE_CODE = YES;
				CLANG_WARN__DUPLICATE_METHOD_MATCH = YES;
				CODE_SIGN_IDENTITY = "iPhone Developer";
				COPY_PHASE_STRIP = NO;
				CURRENT_PROJECT_VERSION = 1;
				DEBUG_INFORMATION_FORMAT = "dwarf-with-dsym";
				ENABLE_NS_ASSERTIONS = NO;
				ENABLE_STRICT_OBJC_MSGSEND = YES;
				GCC_C_LANGUAGE_STANDARD = gnu11;
				GCC_NO_COMMON_BLOCKS = YES;
				GCC_WARN_64_TO_32_BIT_CONVERSION = YES;
				GCC_WARN_ABOUT_RETURN_TYPE = YES_ERROR;
				GCC_WARN_UNDECLARED_SELECTOR = YES;
				GCC_WARN_UNINITIALIZED_AUTOS = YES_AGGRESSIVE;
				GCC_WARN_UNUSED_FUNCTION = YES;
				GCC_WARN_UNUSED_VARIABLE = YES;
				IPHONEOS_DEPLOYMENT_TARGET = 12.1;
				MTL_ENABLE_DEBUG_INFO = NO;
				MTL_FAST_MATH = YES;
				SDKROOT = iphoneos;
				SWIFT_COMPILATION_MODE = wholemodule;
				SWIFT_OPTIMIZATION_LEVEL = "-O";
				VALIDATE_PRODUCT = YES;
				VERSIONING_SYSTEM = "apple-generic";
				VERSION_INFO_PREFIX = "";
			};
			name = Release;
		};
		BEF255C32220F4A1007134AA /* Debug */ = {
			isa = XCBuildConfiguration;
			buildSettings = {
				CLANG_ENABLE_MODULES = YES;
				CODE_SIGN_IDENTITY = "";
				CODE_SIGN_STYLE = Automatic;
				DEFINES_MODULE = YES;
				DEVELOPMENT_TEAM = 9424XMB56D;
				DYLIB_COMPATIBILITY_VERSION = 1;
				DYLIB_CURRENT_VERSION = 1;
				DYLIB_INSTALL_NAME_BASE = "@rpath";
				FRAMEWORK_SEARCH_PATHS = (
					"$(PROJECT_DIR)/../EcoDatumCommon",
					"$(PROJECT_DIR)/Carthage/Build/iOS",
				);
				INFOPLIST_FILE = EcoDatumModel/Info.plist;
				INSTALL_PATH = "$(LOCAL_LIBRARY_DIR)/Frameworks";
				LD_RUNPATH_SEARCH_PATHS = (
					"$(inherited)",
					"@executable_path/Frameworks",
					"@loader_path/Frameworks",
				);
				PRODUCT_BUNDLE_IDENTIFIER = org.ecodatum.EcoDatumModel;
				PRODUCT_NAME = "$(TARGET_NAME:c99extidentifier)";
				SKIP_INSTALL = YES;
				SWIFT_OPTIMIZATION_LEVEL = "-Onone";
				SWIFT_VERSION = 4.2;
				TARGETED_DEVICE_FAMILY = "1,2";
			};
			name = Debug;
		};
		BEF255C42220F4A1007134AA /* Release */ = {
			isa = XCBuildConfiguration;
			buildSettings = {
				CLANG_ENABLE_MODULES = YES;
				CODE_SIGN_IDENTITY = "";
				CODE_SIGN_STYLE = Automatic;
				DEFINES_MODULE = YES;
				DEVELOPMENT_TEAM = 9424XMB56D;
				DYLIB_COMPATIBILITY_VERSION = 1;
				DYLIB_CURRENT_VERSION = 1;
				DYLIB_INSTALL_NAME_BASE = "@rpath";
				FRAMEWORK_SEARCH_PATHS = (
					"$(PROJECT_DIR)/../EcoDatumCommon",
					"$(PROJECT_DIR)/Carthage/Build/iOS",
				);
				INFOPLIST_FILE = EcoDatumModel/Info.plist;
				INSTALL_PATH = "$(LOCAL_LIBRARY_DIR)/Frameworks";
				LD_RUNPATH_SEARCH_PATHS = (
					"$(inherited)",
					"@executable_path/Frameworks",
					"@loader_path/Frameworks",
				);
				PRODUCT_BUNDLE_IDENTIFIER = org.ecodatum.EcoDatumModel;
				PRODUCT_NAME = "$(TARGET_NAME:c99extidentifier)";
				SKIP_INSTALL = YES;
				SWIFT_VERSION = 4.2;
				TARGETED_DEVICE_FAMILY = "1,2";
			};
			name = Release;
		};
		BEF255C62220F4A1007134AA /* Debug */ = {
			isa = XCBuildConfiguration;
			buildSettings = {
				ALWAYS_EMBED_SWIFT_STANDARD_LIBRARIES = YES;
				CODE_SIGN_STYLE = Automatic;
				DEVELOPMENT_TEAM = 9424XMB56D;
				FRAMEWORK_SEARCH_PATHS = (
					"$(inherited)",
					"$(PROJECT_DIR)/Carthage/Build/iOS",
				);
				INFOPLIST_FILE = EcoDatumModelTests/Info.plist;
				LD_RUNPATH_SEARCH_PATHS = (
					"$(inherited)",
					"@executable_path/Frameworks",
					"@loader_path/Frameworks",
				);
				PRODUCT_BUNDLE_IDENTIFIER = org.ecodatum.EcoDatumModelTests;
				PRODUCT_NAME = "$(TARGET_NAME)";
				SWIFT_VERSION = 4.2;
				TARGETED_DEVICE_FAMILY = "1,2";
			};
			name = Debug;
		};
		BEF255C72220F4A1007134AA /* Release */ = {
			isa = XCBuildConfiguration;
			buildSettings = {
				ALWAYS_EMBED_SWIFT_STANDARD_LIBRARIES = YES;
				CODE_SIGN_STYLE = Automatic;
				DEVELOPMENT_TEAM = 9424XMB56D;
				FRAMEWORK_SEARCH_PATHS = (
					"$(inherited)",
					"$(PROJECT_DIR)/Carthage/Build/iOS",
				);
				INFOPLIST_FILE = EcoDatumModelTests/Info.plist;
				LD_RUNPATH_SEARCH_PATHS = (
					"$(inherited)",
					"@executable_path/Frameworks",
					"@loader_path/Frameworks",
				);
				PRODUCT_BUNDLE_IDENTIFIER = org.ecodatum.EcoDatumModelTests;
				PRODUCT_NAME = "$(TARGET_NAME)";
				SWIFT_VERSION = 4.2;
				TARGETED_DEVICE_FAMILY = "1,2";
			};
			name = Release;
		};
/* End XCBuildConfiguration section */

/* Begin XCConfigurationList section */
		BEF255A82220F4A0007134AA /* Build configuration list for PBXProject "EcoDatumModel" */ = {
			isa = XCConfigurationList;
			buildConfigurations = (
				BEF255C02220F4A1007134AA /* Debug */,
				BEF255C12220F4A1007134AA /* Release */,
			);
			defaultConfigurationIsVisible = 0;
			defaultConfigurationName = Release;
		};
		BEF255C22220F4A1007134AA /* Build configuration list for PBXNativeTarget "EcoDatumModel" */ = {
			isa = XCConfigurationList;
			buildConfigurations = (
				BEF255C32220F4A1007134AA /* Debug */,
				BEF255C42220F4A1007134AA /* Release */,
			);
			defaultConfigurationIsVisible = 0;
			defaultConfigurationName = Release;
		};
		BEF255C52220F4A1007134AA /* Build configuration list for PBXNativeTarget "EcoDatumModelTests" */ = {
			isa = XCConfigurationList;
			buildConfigurations = (
				BEF255C62220F4A1007134AA /* Debug */,
				BEF255C72220F4A1007134AA /* Release */,
			);
			defaultConfigurationIsVisible = 0;
			defaultConfigurationName = Release;
		};
/* End XCConfigurationList section */
	};
	rootObject = BEF255A52220F4A0007134AA /* Project object */;
}
